// !$*UTF8*$!
{
	archiveVersion = 1;
	classes = {
	};
	objectVersion = 56;
	objects = {

/* Begin PBXBuildFile section */
		F561027E2A3F20A700DB295E /* RMCharacterDetailViewController.swift in Sources */ = {isa = PBXBuildFile; fileRef = F561027D2A3F20A700DB295E /* RMCharacterDetailViewController.swift */; };
		F56102802A3F21FC00DB295E /* RMCharacterDetailView.swift in Sources */ = {isa = PBXBuildFile; fileRef = F561027F2A3F21FC00DB295E /* RMCharacterDetailView.swift */; };
		F56102822A3F223500DB295E /* RMCharacterDetailViewViewModel.swift in Sources */ = {isa = PBXBuildFile; fileRef = F56102812A3F223500DB295E /* RMCharacterDetailViewViewModel.swift */; };
		F56102842A3F580000DB295E /* RMFooterLoadingCollectionReusableView.swift in Sources */ = {isa = PBXBuildFile; fileRef = F56102832A3F580000DB295E /* RMFooterLoadingCollectionReusableView.swift */; };
		F59370712A3230DD00FB3242 /* AppDelegate.swift in Sources */ = {isa = PBXBuildFile; fileRef = F59370702A3230DD00FB3242 /* AppDelegate.swift */; };
		F59370732A3230DD00FB3242 /* SceneDelegate.swift in Sources */ = {isa = PBXBuildFile; fileRef = F59370722A3230DD00FB3242 /* SceneDelegate.swift */; };
		F59370752A3230DD00FB3242 /* RMTabViewController.swift in Sources */ = {isa = PBXBuildFile; fileRef = F59370742A3230DD00FB3242 /* RMTabViewController.swift */; };
		F593707A2A3230E100FB3242 /* Assets.xcassets in Resources */ = {isa = PBXBuildFile; fileRef = F59370792A3230E100FB3242 /* Assets.xcassets */; };
		F593707D2A3230E100FB3242 /* LaunchScreen.storyboard in Resources */ = {isa = PBXBuildFile; fileRef = F593707B2A3230E100FB3242 /* LaunchScreen.storyboard */; };
		F593708C2A32407500FB3242 /* RMLocation.swift in Sources */ = {isa = PBXBuildFile; fileRef = F593708B2A32407500FB3242 /* RMLocation.swift */; };
		F593708E2A32409D00FB3242 /* RMCharacter.swift in Sources */ = {isa = PBXBuildFile; fileRef = F593708D2A32409D00FB3242 /* RMCharacter.swift */; };
		F59370902A3240AB00FB3242 /* RMEpisode.swift in Sources */ = {isa = PBXBuildFile; fileRef = F593708F2A3240AB00FB3242 /* RMEpisode.swift */; };
		F59370932A32416600FB3242 /* RMCharacterViewController.swift in Sources */ = {isa = PBXBuildFile; fileRef = F59370922A32416600FB3242 /* RMCharacterViewController.swift */; };
		F59370952A32417F00FB3242 /* RMLocationViewController.swift in Sources */ = {isa = PBXBuildFile; fileRef = F59370942A32417F00FB3242 /* RMLocationViewController.swift */; };
		F59370972A32418A00FB3242 /* RMEpisodeViewController.swift in Sources */ = {isa = PBXBuildFile; fileRef = F59370962A32418A00FB3242 /* RMEpisodeViewController.swift */; };
		F59370992A32419C00FB3242 /* RMSettingsViewController.swift in Sources */ = {isa = PBXBuildFile; fileRef = F59370982A32419C00FB3242 /* RMSettingsViewController.swift */; };
		F593709B2A324D3100FB3242 /* RMService.swift in Sources */ = {isa = PBXBuildFile; fileRef = F593709A2A324D3100FB3242 /* RMService.swift */; };
		F593709D2A324D4A00FB3242 /* RMRequest.swift in Sources */ = {isa = PBXBuildFile; fileRef = F593709C2A324D4A00FB3242 /* RMRequest.swift */; };
		F593709F2A324E0300FB3242 /* RMEndpoint.swift in Sources */ = {isa = PBXBuildFile; fileRef = F593709E2A324E0300FB3242 /* RMEndpoint.swift */; };
		F59370A12A32643100FB3242 /* RMOrigin.swift in Sources */ = {isa = PBXBuildFile; fileRef = F59370A02A32643100FB3242 /* RMOrigin.swift */; };
		F59370A32A32651700FB3242 /* RMSingleLocation.swift in Sources */ = {isa = PBXBuildFile; fileRef = F59370A22A32651700FB3242 /* RMSingleLocation.swift */; };
		F59370A52A32668000FB3242 /* RMCharacterStatus.swift in Sources */ = {isa = PBXBuildFile; fileRef = F59370A42A32668000FB3242 /* RMCharacterStatus.swift */; };
		F59370A72A3266C900FB3242 /* RMCharacterGender.swift in Sources */ = {isa = PBXBuildFile; fileRef = F59370A62A3266C900FB3242 /* RMCharacterGender.swift */; };
		F59370AD2A3647A800FB3242 /* RMGetAllCharactersResponse.swift in Sources */ = {isa = PBXBuildFile; fileRef = F59370AC2A3647A800FB3242 /* RMGetAllCharactersResponse.swift */; };
		F59370AF2A364E9000FB3242 /* CharacterListViewViewModel.swift in Sources */ = {isa = PBXBuildFile; fileRef = F59370AE2A364E9000FB3242 /* CharacterListViewViewModel.swift */; };
		F59370B12A364F3A00FB3242 /* RMCharacterListView.swift in Sources */ = {isa = PBXBuildFile; fileRef = F59370B02A364F3A00FB3242 /* RMCharacterListView.swift */; };
		F59370B32A36560800FB3242 /* Extensions.swift in Sources */ = {isa = PBXBuildFile; fileRef = F59370B22A36560800FB3242 /* Extensions.swift */; };
		F59370B52A3EF61F00FB3242 /* RMCharacterCollectionViewCell.swift in Sources */ = {isa = PBXBuildFile; fileRef = F59370B42A3EF61F00FB3242 /* RMCharacterCollectionViewCell.swift */; };
		F59370B72A3EF88C00FB3242 /* RMCharacterCollectionViewCellViewModel.swift in Sources */ = {isa = PBXBuildFile; fileRef = F59370B62A3EF88C00FB3242 /* RMCharacterCollectionViewCellViewModel.swift */; };
/* End PBXBuildFile section */

/* Begin PBXFileReference section */
		F561027D2A3F20A700DB295E /* RMCharacterDetailViewController.swift */ = {isa = PBXFileReference; lastKnownFileType = sourcecode.swift; path = RMCharacterDetailViewController.swift; sourceTree = "<group>"; };
		F561027F2A3F21FC00DB295E /* RMCharacterDetailView.swift */ = {isa = PBXFileReference; lastKnownFileType = sourcecode.swift; path = RMCharacterDetailView.swift; sourceTree = "<group>"; };
		F56102812A3F223500DB295E /* RMCharacterDetailViewViewModel.swift */ = {isa = PBXFileReference; lastKnownFileType = sourcecode.swift; path = RMCharacterDetailViewViewModel.swift; sourceTree = "<group>"; };
		F56102832A3F580000DB295E /* RMFooterLoadingCollectionReusableView.swift */ = {isa = PBXFileReference; lastKnownFileType = sourcecode.swift; path = RMFooterLoadingCollectionReusableView.swift; sourceTree = "<group>"; };
		F593706D2A3230DD00FB3242 /* RickAndMorty.app */ = {isa = PBXFileReference; explicitFileType = wrapper.application; includeInIndex = 0; path = RickAndMorty.app; sourceTree = BUILT_PRODUCTS_DIR; };
		F59370702A3230DD00FB3242 /* AppDelegate.swift */ = {isa = PBXFileReference; lastKnownFileType = sourcecode.swift; path = AppDelegate.swift; sourceTree = "<group>"; };
		F59370722A3230DD00FB3242 /* SceneDelegate.swift */ = {isa = PBXFileReference; lastKnownFileType = sourcecode.swift; path = SceneDelegate.swift; sourceTree = "<group>"; };
		F59370742A3230DD00FB3242 /* RMTabViewController.swift */ = {isa = PBXFileReference; lastKnownFileType = sourcecode.swift; path = RMTabViewController.swift; sourceTree = "<group>"; };
		F59370792A3230E100FB3242 /* Assets.xcassets */ = {isa = PBXFileReference; lastKnownFileType = folder.assetcatalog; path = Assets.xcassets; sourceTree = "<group>"; };
		F593707C2A3230E100FB3242 /* Base */ = {isa = PBXFileReference; lastKnownFileType = file.storyboard; name = Base; path = Base.lproj/LaunchScreen.storyboard; sourceTree = "<group>"; };
		F593707E2A3230E100FB3242 /* Info.plist */ = {isa = PBXFileReference; lastKnownFileType = text.plist.xml; path = Info.plist; sourceTree = "<group>"; };
		F593708B2A32407500FB3242 /* RMLocation.swift */ = {isa = PBXFileReference; lastKnownFileType = sourcecode.swift; path = RMLocation.swift; sourceTree = "<group>"; };
		F593708D2A32409D00FB3242 /* RMCharacter.swift */ = {isa = PBXFileReference; lastKnownFileType = sourcecode.swift; path = RMCharacter.swift; sourceTree = "<group>"; };
		F593708F2A3240AB00FB3242 /* RMEpisode.swift */ = {isa = PBXFileReference; lastKnownFileType = sourcecode.swift; path = RMEpisode.swift; sourceTree = "<group>"; };
		F59370922A32416600FB3242 /* RMCharacterViewController.swift */ = {isa = PBXFileReference; lastKnownFileType = sourcecode.swift; path = RMCharacterViewController.swift; sourceTree = "<group>"; };
		F59370942A32417F00FB3242 /* RMLocationViewController.swift */ = {isa = PBXFileReference; lastKnownFileType = sourcecode.swift; path = RMLocationViewController.swift; sourceTree = "<group>"; };
		F59370962A32418A00FB3242 /* RMEpisodeViewController.swift */ = {isa = PBXFileReference; lastKnownFileType = sourcecode.swift; path = RMEpisodeViewController.swift; sourceTree = "<group>"; };
		F59370982A32419C00FB3242 /* RMSettingsViewController.swift */ = {isa = PBXFileReference; lastKnownFileType = sourcecode.swift; path = RMSettingsViewController.swift; sourceTree = "<group>"; };
		F593709A2A324D3100FB3242 /* RMService.swift */ = {isa = PBXFileReference; lastKnownFileType = sourcecode.swift; path = RMService.swift; sourceTree = "<group>"; };
		F593709C2A324D4A00FB3242 /* RMRequest.swift */ = {isa = PBXFileReference; lastKnownFileType = sourcecode.swift; path = RMRequest.swift; sourceTree = "<group>"; };
		F593709E2A324E0300FB3242 /* RMEndpoint.swift */ = {isa = PBXFileReference; lastKnownFileType = sourcecode.swift; path = RMEndpoint.swift; sourceTree = "<group>"; };
		F59370A02A32643100FB3242 /* RMOrigin.swift */ = {isa = PBXFileReference; lastKnownFileType = sourcecode.swift; path = RMOrigin.swift; sourceTree = "<group>"; };
		F59370A22A32651700FB3242 /* RMSingleLocation.swift */ = {isa = PBXFileReference; lastKnownFileType = sourcecode.swift; path = RMSingleLocation.swift; sourceTree = "<group>"; };
		F59370A42A32668000FB3242 /* RMCharacterStatus.swift */ = {isa = PBXFileReference; lastKnownFileType = sourcecode.swift; path = RMCharacterStatus.swift; sourceTree = "<group>"; };
		F59370A62A3266C900FB3242 /* RMCharacterGender.swift */ = {isa = PBXFileReference; lastKnownFileType = sourcecode.swift; path = RMCharacterGender.swift; sourceTree = "<group>"; };
		F59370AC2A3647A800FB3242 /* RMGetAllCharactersResponse.swift */ = {isa = PBXFileReference; lastKnownFileType = sourcecode.swift; path = RMGetAllCharactersResponse.swift; sourceTree = "<group>"; };
		F59370AE2A364E9000FB3242 /* CharacterListViewViewModel.swift */ = {isa = PBXFileReference; lastKnownFileType = sourcecode.swift; path = CharacterListViewViewModel.swift; sourceTree = "<group>"; };
		F59370B02A364F3A00FB3242 /* RMCharacterListView.swift */ = {isa = PBXFileReference; lastKnownFileType = sourcecode.swift; path = RMCharacterListView.swift; sourceTree = "<group>"; };
		F59370B22A36560800FB3242 /* Extensions.swift */ = {isa = PBXFileReference; lastKnownFileType = sourcecode.swift; path = Extensions.swift; sourceTree = "<group>"; };
		F59370B42A3EF61F00FB3242 /* RMCharacterCollectionViewCell.swift */ = {isa = PBXFileReference; lastKnownFileType = sourcecode.swift; path = RMCharacterCollectionViewCell.swift; sourceTree = "<group>"; };
		F59370B62A3EF88C00FB3242 /* RMCharacterCollectionViewCellViewModel.swift */ = {isa = PBXFileReference; lastKnownFileType = sourcecode.swift; path = RMCharacterCollectionViewCellViewModel.swift; sourceTree = "<group>"; };
/* End PBXFileReference section */

/* Begin PBXFrameworksBuildPhase section */
		F593706A2A3230DD00FB3242 /* Frameworks */ = {
			isa = PBXFrameworksBuildPhase;
			buildActionMask = 2147483647;
			files = (
			);
			runOnlyForDeploymentPostprocessing = 0;
		};
/* End PBXFrameworksBuildPhase section */

/* Begin PBXGroup section */
		F561027C2A3F205F00DB295E /* Other */ = {
			isa = PBXGroup;
			children = (
				F561027D2A3F20A700DB295E /* RMCharacterDetailViewController.swift */,
			);
			path = Other;
			sourceTree = "<group>";
		};
		F59370642A3230DC00FB3242 = {
			isa = PBXGroup;
			children = (
				F593706F2A3230DD00FB3242 /* RickAndMorty */,
				F593706E2A3230DD00FB3242 /* Products */,
			);
			sourceTree = "<group>";
		};
		F593706E2A3230DD00FB3242 /* Products */ = {
			isa = PBXGroup;
			children = (
				F593706D2A3230DD00FB3242 /* RickAndMorty.app */,
			);
			name = Products;
			sourceTree = "<group>";
		};
		F593706F2A3230DD00FB3242 /* RickAndMorty */ = {
			isa = PBXGroup;
			children = (
				F593708A2A323CA200FB3242 /* Resources */,
				F59370892A323C9100FB3242 /* APIClient */,
				F59370882A323C7F00FB3242 /* Managers */,
				F59370872A323C6100FB3242 /* ViewModels */,
				F59370862A323C5600FB3242 /* Views */,
				F59370852A323C4A00FB3242 /* Models */,
				F59370842A323C1300FB3242 /* Controllers */,
				F593707E2A3230E100FB3242 /* Info.plist */,
			);
			path = RickAndMorty;
			sourceTree = "<group>";
		};
		F59370842A323C1300FB3242 /* Controllers */ = {
			isa = PBXGroup;
			children = (
				F561027C2A3F205F00DB295E /* Other */,
				F59370912A32412200FB3242 /* Core */,
			);
			path = Controllers;
			sourceTree = "<group>";
		};
		F59370852A323C4A00FB3242 /* Models */ = {
			isa = PBXGroup;
			children = (
				F59370A92A36472F00FB3242 /* APIResponseTypes */,
				F59370A82A36471200FB3242 /* DataTypes */,
			);
			path = Models;
			sourceTree = "<group>";
		};
		F59370862A323C5600FB3242 /* Views */ = {
			isa = PBXGroup;
			children = (
				F59370B02A364F3A00FB3242 /* RMCharacterListView.swift */,
				F59370B42A3EF61F00FB3242 /* RMCharacterCollectionViewCell.swift */,
				F561027F2A3F21FC00DB295E /* RMCharacterDetailView.swift */,
				F56102832A3F580000DB295E /* RMFooterLoadingCollectionReusableView.swift */,
			);
			path = Views;
			sourceTree = "<group>";
		};
		F59370872A323C6100FB3242 /* ViewModels */ = {
			isa = PBXGroup;
			children = (
				F59370AE2A364E9000FB3242 /* CharacterListViewViewModel.swift */,
				F59370B62A3EF88C00FB3242 /* RMCharacterCollectionViewCellViewModel.swift */,
				F56102812A3F223500DB295E /* RMCharacterDetailViewViewModel.swift */,
			);
			path = ViewModels;
			sourceTree = "<group>";
		};
		F59370882A323C7F00FB3242 /* Managers */ = {
			isa = PBXGroup;
			children = (
			);
			path = Managers;
			sourceTree = "<group>";
		};
		F59370892A323C9100FB3242 /* APIClient */ = {
			isa = PBXGroup;
			children = (
				F593709A2A324D3100FB3242 /* RMService.swift */,
				F593709C2A324D4A00FB3242 /* RMRequest.swift */,
				F593709E2A324E0300FB3242 /* RMEndpoint.swift */,
			);
			path = APIClient;
			sourceTree = "<group>";
		};
		F593708A2A323CA200FB3242 /* Resources */ = {
			isa = PBXGroup;
			children = (
				F59370792A3230E100FB3242 /* Assets.xcassets */,
				F593707B2A3230E100FB3242 /* LaunchScreen.storyboard */,
				F59370702A3230DD00FB3242 /* AppDelegate.swift */,
				F59370722A3230DD00FB3242 /* SceneDelegate.swift */,
				F59370B22A36560800FB3242 /* Extensions.swift */,
			);
			path = Resources;
			sourceTree = "<group>";
		};
		F59370912A32412200FB3242 /* Core */ = {
			isa = PBXGroup;
			children = (
				F59370742A3230DD00FB3242 /* RMTabViewController.swift */,
				F59370922A32416600FB3242 /* RMCharacterViewController.swift */,
				F59370942A32417F00FB3242 /* RMLocationViewController.swift */,
				F59370962A32418A00FB3242 /* RMEpisodeViewController.swift */,
				F59370982A32419C00FB3242 /* RMSettingsViewController.swift */,
			);
			path = Core;
			sourceTree = "<group>";
		};
		F59370A82A36471200FB3242 /* DataTypes */ = {
			isa = PBXGroup;
			children = (
				F593708B2A32407500FB3242 /* RMLocation.swift */,
				F593708D2A32409D00FB3242 /* RMCharacter.swift */,
				F593708F2A3240AB00FB3242 /* RMEpisode.swift */,
				F59370A02A32643100FB3242 /* RMOrigin.swift */,
				F59370A22A32651700FB3242 /* RMSingleLocation.swift */,
				F59370A42A32668000FB3242 /* RMCharacterStatus.swift */,
				F59370A62A3266C900FB3242 /* RMCharacterGender.swift */,
			);
			path = DataTypes;
			sourceTree = "<group>";
		};
		F59370A92A36472F00FB3242 /* APIResponseTypes */ = {
			isa = PBXGroup;
			children = (
				F59370AC2A3647A800FB3242 /* RMGetAllCharactersResponse.swift */,
			);
			path = APIResponseTypes;
			sourceTree = "<group>";
		};
/* End PBXGroup section */

/* Begin PBXNativeTarget section */
		F593706C2A3230DD00FB3242 /* RickAndMorty */ = {
			isa = PBXNativeTarget;
			buildConfigurationList = F59370812A3230E100FB3242 /* Build configuration list for PBXNativeTarget "RickAndMorty" */;
			buildPhases = (
				F59370692A3230DD00FB3242 /* Sources */,
				F593706A2A3230DD00FB3242 /* Frameworks */,
				F593706B2A3230DD00FB3242 /* Resources */,
			);
			buildRules = (
			);
			dependencies = (
			);
			name = RickAndMorty;
			productName = RickAndMorty;
			productReference = F593706D2A3230DD00FB3242 /* RickAndMorty.app */;
			productType = "com.apple.product-type.application";
		};
/* End PBXNativeTarget section */

/* Begin PBXProject section */
		F59370652A3230DC00FB3242 /* Project object */ = {
			isa = PBXProject;
			attributes = {
				BuildIndependentTargetsInParallel = 1;
				LastSwiftUpdateCheck = 1430;
				LastUpgradeCheck = 1430;
				TargetAttributes = {
					F593706C2A3230DD00FB3242 = {
						CreatedOnToolsVersion = 14.3;
					};
				};
			};
			buildConfigurationList = F59370682A3230DC00FB3242 /* Build configuration list for PBXProject "RickAndMorty" */;
			compatibilityVersion = "Xcode 14.0";
			developmentRegion = en;
			hasScannedForEncodings = 0;
			knownRegions = (
				en,
				Base,
			);
			mainGroup = F59370642A3230DC00FB3242;
			productRefGroup = F593706E2A3230DD00FB3242 /* Products */;
			projectDirPath = "";
			projectRoot = "";
			targets = (
				F593706C2A3230DD00FB3242 /* RickAndMorty */,
			);
		};
/* End PBXProject section */

/* Begin PBXResourcesBuildPhase section */
		F593706B2A3230DD00FB3242 /* Resources */ = {
			isa = PBXResourcesBuildPhase;
			buildActionMask = 2147483647;
			files = (
				F593707D2A3230E100FB3242 /* LaunchScreen.storyboard in Resources */,
				F593707A2A3230E100FB3242 /* Assets.xcassets in Resources */,
			);
			runOnlyForDeploymentPostprocessing = 0;
		};
/* End PBXResourcesBuildPhase section */

/* Begin PBXSourcesBuildPhase section */
		F59370692A3230DD00FB3242 /* Sources */ = {
			isa = PBXSourcesBuildPhase;
			buildActionMask = 2147483647;
			files = (
				F59370A12A32643100FB3242 /* RMOrigin.swift in Sources */,
				F56102822A3F223500DB295E /* RMCharacterDetailViewViewModel.swift in Sources */,
				F59370A32A32651700FB3242 /* RMSingleLocation.swift in Sources */,
				F59370B12A364F3A00FB3242 /* RMCharacterListView.swift in Sources */,
				F59370AD2A3647A800FB3242 /* RMGetAllCharactersResponse.swift in Sources */,
				F59370A52A32668000FB3242 /* RMCharacterStatus.swift in Sources */,
				F59370A72A3266C900FB3242 /* RMCharacterGender.swift in Sources */,
				F561027E2A3F20A700DB295E /* RMCharacterDetailViewController.swift in Sources */,
				F56102842A3F580000DB295E /* RMFooterLoadingCollectionReusableView.swift in Sources */,
				F59370952A32417F00FB3242 /* RMLocationViewController.swift in Sources */,
				F59370902A3240AB00FB3242 /* RMEpisode.swift in Sources */,
				F59370752A3230DD00FB3242 /* RMTabViewController.swift in Sources */,
				F59370B52A3EF61F00FB3242 /* RMCharacterCollectionViewCell.swift in Sources */,
				F59370972A32418A00FB3242 /* RMEpisodeViewController.swift in Sources */,
				F59370712A3230DD00FB3242 /* AppDelegate.swift in Sources */,
				F59370732A3230DD00FB3242 /* SceneDelegate.swift in Sources */,
				F59370992A32419C00FB3242 /* RMSettingsViewController.swift in Sources */,
				F59370B32A36560800FB3242 /* Extensions.swift in Sources */,
				F593709B2A324D3100FB3242 /* RMService.swift in Sources */,
				F593708C2A32407500FB3242 /* RMLocation.swift in Sources */,
				F593709F2A324E0300FB3242 /* RMEndpoint.swift in Sources */,
				F593708E2A32409D00FB3242 /* RMCharacter.swift in Sources */,
				F59370B72A3EF88C00FB3242 /* RMCharacterCollectionViewCellViewModel.swift in Sources */,
				F593709D2A324D4A00FB3242 /* RMRequest.swift in Sources */,
				F59370AF2A364E9000FB3242 /* CharacterListViewViewModel.swift in Sources */,
				F59370932A32416600FB3242 /* RMCharacterViewController.swift in Sources */,
				F56102802A3F21FC00DB295E /* RMCharacterDetailView.swift in Sources */,
			);
			runOnlyForDeploymentPostprocessing = 0;
		};
/* End PBXSourcesBuildPhase section */

/* Begin PBXVariantGroup section */
		F593707B2A3230E100FB3242 /* LaunchScreen.storyboard */ = {
			isa = PBXVariantGroup;
			children = (
				F593707C2A3230E100FB3242 /* Base */,
			);
			name = LaunchScreen.storyboard;
			sourceTree = "<group>";
		};
/* End PBXVariantGroup section */

/* Begin XCBuildConfiguration section */
		F593707F2A3230E100FB3242 /* Debug */ = {
			isa = XCBuildConfiguration;
			buildSettings = {
				ALWAYS_SEARCH_USER_PATHS = NO;
				CLANG_ANALYZER_NONNULL = YES;
				CLANG_ANALYZER_NUMBER_OBJECT_CONVERSION = YES_AGGRESSIVE;
				CLANG_CXX_LANGUAGE_STANDARD = "gnu++20";
				CLANG_ENABLE_MODULES = YES;
				CLANG_ENABLE_OBJC_ARC = YES;
				CLANG_ENABLE_OBJC_WEAK = YES;
				CLANG_WARN_BLOCK_CAPTURE_AUTORELEASING = YES;
				CLANG_WARN_BOOL_CONVERSION = YES;
				CLANG_WARN_COMMA = YES;
				CLANG_WARN_CONSTANT_CONVERSION = YES;
				CLANG_WARN_DEPRECATED_OBJC_IMPLEMENTATIONS = YES;
				CLANG_WARN_DIRECT_OBJC_ISA_USAGE = YES_ERROR;
				CLANG_WARN_DOCUMENTATION_COMMENTS = YES;
				CLANG_WARN_EMPTY_BODY = YES;
				CLANG_WARN_ENUM_CONVERSION = YES;
				CLANG_WARN_INFINITE_RECURSION = YES;
				CLANG_WARN_INT_CONVERSION = YES;
				CLANG_WARN_NON_LITERAL_NULL_CONVERSION = YES;
				CLANG_WARN_OBJC_IMPLICIT_RETAIN_SELF = YES;
				CLANG_WARN_OBJC_LITERAL_CONVERSION = YES;
				CLANG_WARN_OBJC_ROOT_CLASS = YES_ERROR;
				CLANG_WARN_QUOTED_INCLUDE_IN_FRAMEWORK_HEADER = YES;
				CLANG_WARN_RANGE_LOOP_ANALYSIS = YES;
				CLANG_WARN_STRICT_PROTOTYPES = YES;
				CLANG_WARN_SUSPICIOUS_MOVE = YES;
				CLANG_WARN_UNGUARDED_AVAILABILITY = YES_AGGRESSIVE;
				CLANG_WARN_UNREACHABLE_CODE = YES;
				CLANG_WARN__DUPLICATE_METHOD_MATCH = YES;
				COPY_PHASE_STRIP = NO;
				DEBUG_INFORMATION_FORMAT = dwarf;
				ENABLE_STRICT_OBJC_MSGSEND = YES;
				ENABLE_TESTABILITY = YES;
				GCC_C_LANGUAGE_STANDARD = gnu11;
				GCC_DYNAMIC_NO_PIC = NO;
				GCC_NO_COMMON_BLOCKS = YES;
				GCC_OPTIMIZATION_LEVEL = 0;
				GCC_PREPROCESSOR_DEFINITIONS = (
					"DEBUG=1",
					"$(inherited)",
				);
				GCC_WARN_64_TO_32_BIT_CONVERSION = YES;
				GCC_WARN_ABOUT_RETURN_TYPE = YES_ERROR;
				GCC_WARN_UNDECLARED_SELECTOR = YES;
				GCC_WARN_UNINITIALIZED_AUTOS = YES_AGGRESSIVE;
				GCC_WARN_UNUSED_FUNCTION = YES;
				GCC_WARN_UNUSED_VARIABLE = YES;
				IPHONEOS_DEPLOYMENT_TARGET = 16.4;
				MTL_ENABLE_DEBUG_INFO = INCLUDE_SOURCE;
				MTL_FAST_MATH = YES;
				ONLY_ACTIVE_ARCH = YES;
				SDKROOT = iphoneos;
				SWIFT_ACTIVE_COMPILATION_CONDITIONS = DEBUG;
				SWIFT_OPTIMIZATION_LEVEL = "-Onone";
			};
			name = Debug;
		};
		F59370802A3230E100FB3242 /* Release */ = {
			isa = XCBuildConfiguration;
			buildSettings = {
				ALWAYS_SEARCH_USER_PATHS = NO;
				CLANG_ANALYZER_NONNULL = YES;
				CLANG_ANALYZER_NUMBER_OBJECT_CONVERSION = YES_AGGRESSIVE;
				CLANG_CXX_LANGUAGE_STANDARD = "gnu++20";
				CLANG_ENABLE_MODULES = YES;
				CLANG_ENABLE_OBJC_ARC = YES;
				CLANG_ENABLE_OBJC_WEAK = YES;
				CLANG_WARN_BLOCK_CAPTURE_AUTORELEASING = YES;
				CLANG_WARN_BOOL_CONVERSION = YES;
				CLANG_WARN_COMMA = YES;
				CLANG_WARN_CONSTANT_CONVERSION = YES;
				CLANG_WARN_DEPRECATED_OBJC_IMPLEMENTATIONS = YES;
				CLANG_WARN_DIRECT_OBJC_ISA_USAGE = YES_ERROR;
				CLANG_WARN_DOCUMENTATION_COMMENTS = YES;
				CLANG_WARN_EMPTY_BODY = YES;
				CLANG_WARN_ENUM_CONVERSION = YES;
				CLANG_WARN_INFINITE_RECURSION = YES;
				CLANG_WARN_INT_CONVERSION = YES;
				CLANG_WARN_NON_LITERAL_NULL_CONVERSION = YES;
				CLANG_WARN_OBJC_IMPLICIT_RETAIN_SELF = YES;
				CLANG_WARN_OBJC_LITERAL_CONVERSION = YES;
				CLANG_WARN_OBJC_ROOT_CLASS = YES_ERROR;
				CLANG_WARN_QUOTED_INCLUDE_IN_FRAMEWORK_HEADER = YES;
				CLANG_WARN_RANGE_LOOP_ANALYSIS = YES;
				CLANG_WARN_STRICT_PROTOTYPES = YES;
				CLANG_WARN_SUSPICIOUS_MOVE = YES;
				CLANG_WARN_UNGUARDED_AVAILABILITY = YES_AGGRESSIVE;
				CLANG_WARN_UNREACHABLE_CODE = YES;
				CLANG_WARN__DUPLICATE_METHOD_MATCH = YES;
				COPY_PHASE_STRIP = NO;
				DEBUG_INFORMATION_FORMAT = "dwarf-with-dsym";
				ENABLE_NS_ASSERTIONS = NO;
				ENABLE_STRICT_OBJC_MSGSEND = YES;
				GCC_C_LANGUAGE_STANDARD = gnu11;
				GCC_NO_COMMON_BLOCKS = YES;
				GCC_WARN_64_TO_32_BIT_CONVERSION = YES;
				GCC_WARN_ABOUT_RETURN_TYPE = YES_ERROR;
				GCC_WARN_UNDECLARED_SELECTOR = YES;
				GCC_WARN_UNINITIALIZED_AUTOS = YES_AGGRESSIVE;
				GCC_WARN_UNUSED_FUNCTION = YES;
				GCC_WARN_UNUSED_VARIABLE = YES;
				IPHONEOS_DEPLOYMENT_TARGET = 16.4;
				MTL_ENABLE_DEBUG_INFO = NO;
				MTL_FAST_MATH = YES;
				SDKROOT = iphoneos;
				SWIFT_COMPILATION_MODE = wholemodule;
				SWIFT_OPTIMIZATION_LEVEL = "-O";
				VALIDATE_PRODUCT = YES;
			};
			name = Release;
		};
		F59370822A3230E100FB3242 /* Debug */ = {
			isa = XCBuildConfiguration;
			buildSettings = {
				ASSETCATALOG_COMPILER_APPICON_NAME = AppIcon;
				ASSETCATALOG_COMPILER_GLOBAL_ACCENT_COLOR_NAME = AccentColor;
				CODE_SIGN_STYLE = Automatic;
				CURRENT_PROJECT_VERSION = 1;
				DEVELOPMENT_TEAM = 74J94NRWLR;
				GENERATE_INFOPLIST_FILE = YES;
				INFOPLIST_FILE = RickAndMorty/Info.plist;
				INFOPLIST_KEY_UIApplicationSupportsIndirectInputEvents = YES;
				INFOPLIST_KEY_UILaunchStoryboardName = LaunchScreen;
				INFOPLIST_KEY_UISupportedInterfaceOrientations_iPad = "UIInterfaceOrientationPortrait UIInterfaceOrientationPortraitUpsideDown UIInterfaceOrientationLandscapeLeft UIInterfaceOrientationLandscapeRight";
				INFOPLIST_KEY_UISupportedInterfaceOrientations_iPhone = "UIInterfaceOrientationPortrait UIInterfaceOrientationLandscapeLeft UIInterfaceOrientationLandscapeRight";
				IPHONEOS_DEPLOYMENT_TARGET = 15.6;
				LD_RUNPATH_SEARCH_PATHS = (
					"$(inherited)",
					"@executable_path/Frameworks",
				);
				MARKETING_VERSION = 1.0;
				PRODUCT_BUNDLE_IDENTIFIER = JakubKlimiuk.RickAndMorty;
				PRODUCT_NAME = "$(TARGET_NAME)";
				SWIFT_EMIT_LOC_STRINGS = YES;
				SWIFT_VERSION = 5.0;
				TARGETED_DEVICE_FAMILY = "1,2";
			};
			name = Debug;
		};
		F59370832A3230E100FB3242 /* Release */ = {
			isa = XCBuildConfiguration;
			buildSettings = {
				ASSETCATALOG_COMPILER_APPICON_NAME = AppIcon;
				ASSETCATALOG_COMPILER_GLOBAL_ACCENT_COLOR_NAME = AccentColor;
				CODE_SIGN_STYLE = Automatic;
				CURRENT_PROJECT_VERSION = 1;
				DEVELOPMENT_TEAM = 74J94NRWLR;
				GENERATE_INFOPLIST_FILE = YES;
				INFOPLIST_FILE = RickAndMorty/Info.plist;
				INFOPLIST_KEY_UIApplicationSupportsIndirectInputEvents = YES;
				INFOPLIST_KEY_UILaunchStoryboardName = LaunchScreen;
				INFOPLIST_KEY_UISupportedInterfaceOrientations_iPad = "UIInterfaceOrientationPortrait UIInterfaceOrientationPortraitUpsideDown UIInterfaceOrientationLandscapeLeft UIInterfaceOrientationLandscapeRight";
				INFOPLIST_KEY_UISupportedInterfaceOrientations_iPhone = "UIInterfaceOrientationPortrait UIInterfaceOrientationLandscapeLeft UIInterfaceOrientationLandscapeRight";
				IPHONEOS_DEPLOYMENT_TARGET = 15.6;
				LD_RUNPATH_SEARCH_PATHS = (
					"$(inherited)",
					"@executable_path/Frameworks",
				);
				MARKETING_VERSION = 1.0;
				PRODUCT_BUNDLE_IDENTIFIER = JakubKlimiuk.RickAndMorty;
				PRODUCT_NAME = "$(TARGET_NAME)";
				SWIFT_EMIT_LOC_STRINGS = YES;
				SWIFT_VERSION = 5.0;
				TARGETED_DEVICE_FAMILY = "1,2";
			};
			name = Release;
		};
/* End XCBuildConfiguration section */

/* Begin XCConfigurationList section */
		F59370682A3230DC00FB3242 /* Build configuration list for PBXProject "RickAndMorty" */ = {
			isa = XCConfigurationList;
			buildConfigurations = (
				F593707F2A3230E100FB3242 /* Debug */,
				F59370802A3230E100FB3242 /* Release */,
			);
			defaultConfigurationIsVisible = 0;
			defaultConfigurationName = Release;
		};
		F59370812A3230E100FB3242 /* Build configuration list for PBXNativeTarget "RickAndMorty" */ = {
			isa = XCConfigurationList;
			buildConfigurations = (
				F59370822A3230E100FB3242 /* Debug */,
				F59370832A3230E100FB3242 /* Release */,
			);
			defaultConfigurationIsVisible = 0;
			defaultConfigurationName = Release;
		};
/* End XCConfigurationList section */
	};
	rootObject = F59370652A3230DC00FB3242 /* Project object */;
}
